
Microsoft Visual Studio Solution File, Format Version 12.00
# Visual Studio Version 16
VisualStudioVersion = 16.0.30011.22
MinimumVisualStudioVersion = 10.0.40219.1
Project("{FAE04EC0-301F-11D3-BF4B-00C04F79EFBC}") = "courseworkkiritsa", "courseworkkiritsa\courseworkkiritsa.csproj", "{70DE3FBD-A432-45B6-B652-C67089B5989B}"
EndProject
Global
	GlobalSection(SolutionConfigurationPlatforms) = preSolution
		Debug|Any CPU = Debug|Any CPU
		Release|Any CPU = Release|Any CPU
	EndGlobalSection
	GlobalSection(ProjectConfigurationPlatforms) = postSolution
		{70DE3FBD-A432-45B6-B652-C67089B5989B}.Debug|Any CPU.ActiveCfg = Debug|Any CPU
		{70DE3FBD-A432-45B6-B652-C67089B5989B}.Debug|Any CPU.Build.0 = Debug|Any CPU
		{70DE3FBD-A432-45B6-B652-C67089B5989B}.Release|Any CPU.ActiveCfg = Release|Any CPU
		{70DE3FBD-A432-45B6-B652-C67089B5989B}.Release|Any CPU.Build.0 = Release|Any CPU
	EndGlobalSection
	GlobalSection(SolutionProperties) = preSolution
		HideSolutionNode = FALSE
	EndGlobalSection
	GlobalSection(ExtensibilityGlobals) = postSolution
		SolutionGuid = {E64311E5-A954-467D-A2A1-435BBAF9E0FD}
	EndGlobalSection
EndGlobal
